// !$*UTF8*$!
{
	archiveVersion = 1;
	classes = {
	};
	objectVersion = 50;
	objects = {

/* Begin PBXBuildFile section */
		5C6FB96A27133B7900EFAA09 /* CreateNewContact.swift in Sources */ = {isa = PBXBuildFile; fileRef = 5C6FB96927133B7900EFAA09 /* CreateNewContact.swift */; };
		5C7F346A270B255000807143 /* AppDelegate.swift in Sources */ = {isa = PBXBuildFile; fileRef = 5C7F3469270B255000807143 /* AppDelegate.swift */; };
		5C7F346C270B255000807143 /* SceneDelegate.swift in Sources */ = {isa = PBXBuildFile; fileRef = 5C7F346B270B255000807143 /* SceneDelegate.swift */; };
		5C7F346E270B255000807143 /* ContentView.swift in Sources */ = {isa = PBXBuildFile; fileRef = 5C7F346D270B255000807143 /* ContentView.swift */; };
		5C7F3471270B255000807143 /* MyContacts.xcdatamodeld in Sources */ = {isa = PBXBuildFile; fileRef = 5C7F346F270B255000807143 /* MyContacts.xcdatamodeld */; };
		5C7F3473270B255400807143 /* Assets.xcassets in Resources */ = {isa = PBXBuildFile; fileRef = 5C7F3472270B255400807143 /* Assets.xcassets */; };
		5C7F3476270B255400807143 /* Preview Assets.xcassets in Resources */ = {isa = PBXBuildFile; fileRef = 5C7F3475270B255400807143 /* Preview Assets.xcassets */; };
		5C7F3479270B255400807143 /* LaunchScreen.storyboard in Resources */ = {isa = PBXBuildFile; fileRef = 5C7F3477270B255400807143 /* LaunchScreen.storyboard */; };
		5C7F3484270B255500807143 /* MyContactsTests.swift in Sources */ = {isa = PBXBuildFile; fileRef = 5C7F3483270B255500807143 /* MyContactsTests.swift */; };
		5C7F348F270B255500807143 /* MyContactsUITests.swift in Sources */ = {isa = PBXBuildFile; fileRef = 5C7F348E270B255500807143 /* MyContactsUITests.swift */; };
		5C7F349D270B28A000807143 /* Contact.swift in Sources */ = {isa = PBXBuildFile; fileRef = 5C7F349C270B28A000807143 /* Contact.swift */; };
		5C7F349F270B458F00807143 /* DetailView.swift in Sources */ = {isa = PBXBuildFile; fileRef = 5C7F349E270B458F00807143 /* DetailView.swift */; };
		5CA6C3D62711EEA10008BD36 /* SearchNavigationBar.swift in Sources */ = {isa = PBXBuildFile; fileRef = 5CA6C3D52711EEA10008BD36 /* SearchNavigationBar.swift */; };
/* End PBXBuildFile section */

/* Begin PBXContainerItemProxy section */
		5C7F3480270B255500807143 /* PBXContainerItemProxy */ = {
			isa = PBXContainerItemProxy;
			containerPortal = 5C7F345E270B254F00807143 /* Project object */;
			proxyType = 1;
			remoteGlobalIDString = 5C7F3465270B254F00807143;
			remoteInfo = MyContacts;
		};
		5C7F348B270B255500807143 /* PBXContainerItemProxy */ = {
			isa = PBXContainerItemProxy;
			containerPortal = 5C7F345E270B254F00807143 /* Project object */;
			proxyType = 1;
			remoteGlobalIDString = 5C7F3465270B254F00807143;
			remoteInfo = MyContacts;
		};
/* End PBXContainerItemProxy section */

/* Begin PBXFileReference section */
		5C6FB96927133B7900EFAA09 /* CreateNewContact.swift */ = {isa = PBXFileReference; lastKnownFileType = sourcecode.swift; path = CreateNewContact.swift; sourceTree = "<group>"; };
		5C7F3466270B255000807143 /* MyContacts.app */ = {isa = PBXFileReference; explicitFileType = wrapper.application; includeInIndex = 0; path = MyContacts.app; sourceTree = BUILT_PRODUCTS_DIR; };
		5C7F3469270B255000807143 /* AppDelegate.swift */ = {isa = PBXFileReference; lastKnownFileType = sourcecode.swift; path = AppDelegate.swift; sourceTree = "<group>"; };
		5C7F346B270B255000807143 /* SceneDelegate.swift */ = {isa = PBXFileReference; lastKnownFileType = sourcecode.swift; path = SceneDelegate.swift; sourceTree = "<group>"; };
		5C7F346D270B255000807143 /* ContentView.swift */ = {isa = PBXFileReference; lastKnownFileType = sourcecode.swift; path = ContentView.swift; sourceTree = "<group>"; };
		5C7F3470270B255000807143 /* MyContacts.xcdatamodel */ = {isa = PBXFileReference; lastKnownFileType = wrapper.xcdatamodel; path = MyContacts.xcdatamodel; sourceTree = "<group>"; };
		5C7F3472270B255400807143 /* Assets.xcassets */ = {isa = PBXFileReference; lastKnownFileType = folder.assetcatalog; path = Assets.xcassets; sourceTree = "<group>"; };
		5C7F3475270B255400807143 /* Preview Assets.xcassets */ = {isa = PBXFileReference; lastKnownFileType = folder.assetcatalog; path = "Preview Assets.xcassets"; sourceTree = "<group>"; };
		5C7F3478270B255400807143 /* Base */ = {isa = PBXFileReference; lastKnownFileType = file.storyboard; name = Base; path = Base.lproj/LaunchScreen.storyboard; sourceTree = "<group>"; };
		5C7F347A270B255400807143 /* Info.plist */ = {isa = PBXFileReference; lastKnownFileType = text.plist.xml; path = Info.plist; sourceTree = "<group>"; };
		5C7F347F270B255500807143 /* MyContactsTests.xctest */ = {isa = PBXFileReference; explicitFileType = wrapper.cfbundle; includeInIndex = 0; path = MyContactsTests.xctest; sourceTree = BUILT_PRODUCTS_DIR; };
		5C7F3483270B255500807143 /* MyContactsTests.swift */ = {isa = PBXFileReference; lastKnownFileType = sourcecode.swift; path = MyContactsTests.swift; sourceTree = "<group>"; };
		5C7F3485270B255500807143 /* Info.plist */ = {isa = PBXFileReference; lastKnownFileType = text.plist.xml; path = Info.plist; sourceTree = "<group>"; };
		5C7F348A270B255500807143 /* MyContactsUITests.xctest */ = {isa = PBXFileReference; explicitFileType = wrapper.cfbundle; includeInIndex = 0; path = MyContactsUITests.xctest; sourceTree = BUILT_PRODUCTS_DIR; };
		5C7F348E270B255500807143 /* MyContactsUITests.swift */ = {isa = PBXFileReference; lastKnownFileType = sourcecode.swift; path = MyContactsUITests.swift; sourceTree = "<group>"; };
		5C7F3490270B255500807143 /* Info.plist */ = {isa = PBXFileReference; lastKnownFileType = text.plist.xml; path = Info.plist; sourceTree = "<group>"; };
		5C7F349C270B28A000807143 /* Contact.swift */ = {isa = PBXFileReference; lastKnownFileType = sourcecode.swift; path = Contact.swift; sourceTree = "<group>"; };
		5C7F349E270B458F00807143 /* DetailView.swift */ = {isa = PBXFileReference; lastKnownFileType = sourcecode.swift; path = DetailView.swift; sourceTree = "<group>"; };
		5CA6C3D52711EEA10008BD36 /* SearchNavigationBar.swift */ = {isa = PBXFileReference; lastKnownFileType = sourcecode.swift; path = SearchNavigationBar.swift; sourceTree = "<group>"; };
/* End PBXFileReference section */

/* Begin PBXFrameworksBuildPhase section */
		5C7F3463270B254F00807143 /* Frameworks */ = {
			isa = PBXFrameworksBuildPhase;
			buildActionMask = 2147483647;
			files = (
			);
			runOnlyForDeploymentPostprocessing = 0;
		};
		5C7F347C270B255500807143 /* Frameworks */ = {
			isa = PBXFrameworksBuildPhase;
			buildActionMask = 2147483647;
			files = (
			);
			runOnlyForDeploymentPostprocessing = 0;
		};
		5C7F3487270B255500807143 /* Frameworks */ = {
			isa = PBXFrameworksBuildPhase;
			buildActionMask = 2147483647;
			files = (
			);
			runOnlyForDeploymentPostprocessing = 0;
		};
/* End PBXFrameworksBuildPhase section */

/* Begin PBXGroup section */
		5C7F345D270B254F00807143 = {
			isa = PBXGroup;
			children = (
				5C7F3468270B255000807143 /* MyContacts */,
				5C7F3482270B255500807143 /* MyContactsTests */,
				5C7F348D270B255500807143 /* MyContactsUITests */,
				5C7F3467270B255000807143 /* Products */,
			);
			sourceTree = "<group>";
		};
		5C7F3467270B255000807143 /* Products */ = {
			isa = PBXGroup;
			children = (
				5C7F3466270B255000807143 /* MyContacts.app */,
				5C7F347F270B255500807143 /* MyContactsTests.xctest */,
				5C7F348A270B255500807143 /* MyContactsUITests.xctest */,
			);
			name = Products;
			sourceTree = "<group>";
		};
		5C7F3468270B255000807143 /* MyContacts */ = {
			isa = PBXGroup;
			children = (
				5C7F3469270B255000807143 /* AppDelegate.swift */,
				5C7F346B270B255000807143 /* SceneDelegate.swift */,
				5C7F346D270B255000807143 /* ContentView.swift */,
				5C7F349E270B458F00807143 /* DetailView.swift */,
				5C7F349C270B28A000807143 /* Contact.swift */,
				5CA6C3D52711EEA10008BD36 /* SearchNavigationBar.swift */,
				5C6FB96927133B7900EFAA09 /* CreateNewContact.swift */,
				5C7F3472270B255400807143 /* Assets.xcassets */,
				5C7F3477270B255400807143 /* LaunchScreen.storyboard */,
				5C7F347A270B255400807143 /* Info.plist */,
				5C7F346F270B255000807143 /* MyContacts.xcdatamodeld */,
				5C7F3474270B255400807143 /* Preview Content */,
			);
			path = MyContacts;
			sourceTree = "<group>";
		};
		5C7F3474270B255400807143 /* Preview Content */ = {
			isa = PBXGroup;
			children = (
				5C7F3475270B255400807143 /* Preview Assets.xcassets */,
			);
			path = "Preview Content";
			sourceTree = "<group>";
		};
		5C7F3482270B255500807143 /* MyContactsTests */ = {
			isa = PBXGroup;
			children = (
				5C7F3483270B255500807143 /* MyContactsTests.swift */,
				5C7F3485270B255500807143 /* Info.plist */,
			);
			path = MyContactsTests;
			sourceTree = "<group>";
		};
		5C7F348D270B255500807143 /* MyContactsUITests */ = {
			isa = PBXGroup;
			children = (
				5C7F348E270B255500807143 /* MyContactsUITests.swift */,
				5C7F3490270B255500807143 /* Info.plist */,
			);
			path = MyContactsUITests;
			sourceTree = "<group>";
		};
/* End PBXGroup section */

/* Begin PBXNativeTarget section */
		5C7F3465270B254F00807143 /* MyContacts */ = {
			isa = PBXNativeTarget;
			buildConfigurationList = 5C7F3493270B255500807143 /* Build configuration list for PBXNativeTarget "MyContacts" */;
			buildPhases = (
				5C7F3462270B254F00807143 /* Sources */,
				5C7F3463270B254F00807143 /* Frameworks */,
				5C7F3464270B254F00807143 /* Resources */,
			);
			buildRules = (
			);
			dependencies = (
			);
			name = MyContacts;
			productName = MyContacts;
			productReference = 5C7F3466270B255000807143 /* MyContacts.app */;
			productType = "com.apple.product-type.application";
		};
		5C7F347E270B255500807143 /* MyContactsTests */ = {
			isa = PBXNativeTarget;
			buildConfigurationList = 5C7F3496270B255500807143 /* Build configuration list for PBXNativeTarget "MyContactsTests" */;
			buildPhases = (
				5C7F347B270B255500807143 /* Sources */,
				5C7F347C270B255500807143 /* Frameworks */,
				5C7F347D270B255500807143 /* Resources */,
			);
			buildRules = (
			);
			dependencies = (
				5C7F3481270B255500807143 /* PBXTargetDependency */,
			);
			name = MyContactsTests;
			productName = MyContactsTests;
			productReference = 5C7F347F270B255500807143 /* MyContactsTests.xctest */;
			productType = "com.apple.product-type.bundle.unit-test";
		};
		5C7F3489270B255500807143 /* MyContactsUITests */ = {
			isa = PBXNativeTarget;
			buildConfigurationList = 5C7F3499270B255500807143 /* Build configuration list for PBXNativeTarget "MyContactsUITests" */;
			buildPhases = (
				5C7F3486270B255500807143 /* Sources */,
				5C7F3487270B255500807143 /* Frameworks */,
				5C7F3488270B255500807143 /* Resources */,
			);
			buildRules = (
			);
			dependencies = (
				5C7F348C270B255500807143 /* PBXTargetDependency */,
			);
			name = MyContactsUITests;
			productName = MyContactsUITests;
			productReference = 5C7F348A270B255500807143 /* MyContactsUITests.xctest */;
			productType = "com.apple.product-type.bundle.ui-testing";
		};
/* End PBXNativeTarget section */

/* Begin PBXProject section */
		5C7F345E270B254F00807143 /* Project object */ = {
			isa = PBXProject;
			attributes = {
				LastSwiftUpdateCheck = 1250;
				LastUpgradeCheck = 1250;
				TargetAttributes = {
					5C7F3465270B254F00807143 = {
						CreatedOnToolsVersion = 12.5.1;
					};
					5C7F347E270B255500807143 = {
						CreatedOnToolsVersion = 12.5.1;
						TestTargetID = 5C7F3465270B254F00807143;
					};
					5C7F3489270B255500807143 = {
						CreatedOnToolsVersion = 12.5.1;
						TestTargetID = 5C7F3465270B254F00807143;
					};
				};
			};
			buildConfigurationList = 5C7F3461270B254F00807143 /* Build configuration list for PBXProject "MyContacts" */;
			compatibilityVersion = "Xcode 9.3";
			developmentRegion = en;
			hasScannedForEncodings = 0;
			knownRegions = (
				en,
				Base,
			);
			mainGroup = 5C7F345D270B254F00807143;
			productRefGroup = 5C7F3467270B255000807143 /* Products */;
			projectDirPath = "";
			projectRoot = "";
			targets = (
				5C7F3465270B254F00807143 /* MyContacts */,
				5C7F347E270B255500807143 /* MyContactsTests */,
				5C7F3489270B255500807143 /* MyContactsUITests */,
			);
		};
/* End PBXProject section */

/* Begin PBXResourcesBuildPhase section */
		5C7F3464270B254F00807143 /* Resources */ = {
			isa = PBXResourcesBuildPhase;
			buildActionMask = 2147483647;
			files = (
				5C7F3479270B255400807143 /* LaunchScreen.storyboard in Resources */,
				5C7F3476270B255400807143 /* Preview Assets.xcassets in Resources */,
				5C7F3473270B255400807143 /* Assets.xcassets in Resources */,
			);
			runOnlyForDeploymentPostprocessing = 0;
		};
		5C7F347D270B255500807143 /* Resources */ = {
			isa = PBXResourcesBuildPhase;
			buildActionMask = 2147483647;
			files = (
			);
			runOnlyForDeploymentPostprocessing = 0;
		};
		5C7F3488270B255500807143 /* Resources */ = {
			isa = PBXResourcesBuildPhase;
			buildActionMask = 2147483647;
			files = (
			);
			runOnlyForDeploymentPostprocessing = 0;
		};
/* End PBXResourcesBuildPhase section */

/* Begin PBXSourcesBuildPhase section */
		5C7F3462270B254F00807143 /* Sources */ = {
			isa = PBXSourcesBuildPhase;
			buildActionMask = 2147483647;
			files = (
				5C7F3471270B255000807143 /* MyContacts.xcdatamodeld in Sources */,
				5C7F349F270B458F00807143 /* DetailView.swift in Sources */,
				5C7F346A270B255000807143 /* AppDelegate.swift in Sources */,
				5C6FB96A27133B7900EFAA09 /* CreateNewContact.swift in Sources */,
				5C7F349D270B28A000807143 /* Contact.swift in Sources */,
				5CA6C3D62711EEA10008BD36 /* SearchNavigationBar.swift in Sources */,
				5C7F346C270B255000807143 /* SceneDelegate.swift in Sources */,
				5C7F346E270B255000807143 /* ContentView.swift in Sources */,
			);
			runOnlyForDeploymentPostprocessing = 0;
		};
		5C7F347B270B255500807143 /* Sources */ = {
			isa = PBXSourcesBuildPhase;
			buildActionMask = 2147483647;
			files = (
				5C7F3484270B255500807143 /* MyContactsTests.swift in Sources */,
			);
			runOnlyForDeploymentPostprocessing = 0;
		};
		5C7F3486270B255500807143 /* Sources */ = {
			isa = PBXSourcesBuildPhase;
			buildActionMask = 2147483647;
			files = (
				5C7F348F270B255500807143 /* MyContactsUITests.swift in Sources */,
			);
			runOnlyForDeploymentPostprocessing = 0;
		};
/* End PBXSourcesBuildPhase section */

/* Begin PBXTargetDependency section */
		5C7F3481270B255500807143 /* PBXTargetDependency */ = {
			isa = PBXTargetDependency;
			target = 5C7F3465270B254F00807143 /* MyContacts */;
			targetProxy = 5C7F3480270B255500807143 /* PBXContainerItemProxy */;
		};
		5C7F348C270B255500807143 /* PBXTargetDependency */ = {
			isa = PBXTargetDependency;
			target = 5C7F3465270B254F00807143 /* MyContacts */;
			targetProxy = 5C7F348B270B255500807143 /* PBXContainerItemProxy */;
		};
/* End PBXTargetDependency section */

/* Begin PBXVariantGroup section */
		5C7F3477270B255400807143 /* LaunchScreen.storyboard */ = {
			isa = PBXVariantGroup;
			children = (
				5C7F3478270B255400807143 /* Base */,
			);
			name = LaunchScreen.storyboard;
			sourceTree = "<group>";
		};
/* End PBXVariantGroup section */

/* Begin XCBuildConfiguration section */
		5C7F3491270B255500807143 /* Debug */ = {
			isa = XCBuildConfiguration;
			buildSettings = {
				ALWAYS_SEARCH_USER_PATHS = NO;
				CLANG_ANALYZER_NONNULL = YES;
				CLANG_ANALYZER_NUMBER_OBJECT_CONVERSION = YES_AGGRESSIVE;
				CLANG_CXX_LANGUAGE_STANDARD = "gnu++14";
				CLANG_CXX_LIBRARY = "libc++";
				CLANG_ENABLE_MODULES = YES;
				CLANG_ENABLE_OBJC_ARC = YES;
				CLANG_ENABLE_OBJC_WEAK = YES;
				CLANG_WARN_BLOCK_CAPTURE_AUTORELEASING = YES;
				CLANG_WARN_BOOL_CONVERSION = YES;
				CLANG_WARN_COMMA = YES;
				CLANG_WARN_CONSTANT_CONVERSION = YES;
				CLANG_WARN_DEPRECATED_OBJC_IMPLEMENTATIONS = YES;
				CLANG_WARN_DIRECT_OBJC_ISA_USAGE = YES_ERROR;
				CLANG_WARN_DOCUMENTATION_COMMENTS = YES;
				CLANG_WARN_EMPTY_BODY = YES;
				CLANG_WARN_ENUM_CONVERSION = YES;
				CLANG_WARN_INFINITE_RECURSION = YES;
				CLANG_WARN_INT_CONVERSION = YES;
				CLANG_WARN_NON_LITERAL_NULL_CONVERSION = YES;
				CLANG_WARN_OBJC_IMPLICIT_RETAIN_SELF = YES;
				CLANG_WARN_OBJC_LITERAL_CONVERSION = YES;
				CLANG_WARN_OBJC_ROOT_CLASS = YES_ERROR;
				CLANG_WARN_QUOTED_INCLUDE_IN_FRAMEWORK_HEADER = YES;
				CLANG_WARN_RANGE_LOOP_ANALYSIS = YES;
				CLANG_WARN_STRICT_PROTOTYPES = YES;
				CLANG_WARN_SUSPICIOUS_MOVE = YES;
				CLANG_WARN_UNGUARDED_AVAILABILITY = YES_AGGRESSIVE;
				CLANG_WARN_UNREACHABLE_CODE = YES;
				CLANG_WARN__DUPLICATE_METHOD_MATCH = YES;
				COPY_PHASE_STRIP = NO;
				DEBUG_INFORMATION_FORMAT = dwarf;
				ENABLE_STRICT_OBJC_MSGSEND = YES;
				ENABLE_TESTABILITY = YES;
				GCC_C_LANGUAGE_STANDARD = gnu11;
				GCC_DYNAMIC_NO_PIC = NO;
				GCC_NO_COMMON_BLOCKS = YES;
				GCC_OPTIMIZATION_LEVEL = 0;
				GCC_PREPROCESSOR_DEFINITIONS = (
					"DEBUG=1",
					"$(inherited)",
				);
				GCC_WARN_64_TO_32_BIT_CONVERSION = YES;
				GCC_WARN_ABOUT_RETURN_TYPE = YES_ERROR;
				GCC_WARN_UNDECLARED_SELECTOR = YES;
				GCC_WARN_UNINITIALIZED_AUTOS = YES_AGGRESSIVE;
				GCC_WARN_UNUSED_FUNCTION = YES;
				GCC_WARN_UNUSED_VARIABLE = YES;
				IPHONEOS_DEPLOYMENT_TARGET = 14.5;
				MTL_ENABLE_DEBUG_INFO = INCLUDE_SOURCE;
				MTL_FAST_MATH = YES;
				ONLY_ACTIVE_ARCH = YES;
				SDKROOT = iphoneos;
				SWIFT_ACTIVE_COMPILATION_CONDITIONS = DEBUG;
				SWIFT_OPTIMIZATION_LEVEL = "-Onone";
			};
			name = Debug;
		};
		5C7F3492270B255500807143 /* Release */ = {
			isa = XCBuildConfiguration;
			buildSettings = {
				ALWAYS_SEARCH_USER_PATHS = NO;
				CLANG_ANALYZER_NONNULL = YES;
				CLANG_ANALYZER_NUMBER_OBJECT_CONVERSION = YES_AGGRESSIVE;
				CLANG_CXX_LANGUAGE_STANDARD = "gnu++14";
				CLANG_CXX_LIBRARY = "libc++";
				CLANG_ENABLE_MODULES = YES;
				CLANG_ENABLE_OBJC_ARC = YES;
				CLANG_ENABLE_OBJC_WEAK = YES;
				CLANG_WARN_BLOCK_CAPTURE_AUTORELEASING = YES;
				CLANG_WARN_BOOL_CONVERSION = YES;
				CLANG_WARN_COMMA = YES;
				CLANG_WARN_CONSTANT_CONVERSION = YES;
				CLANG_WARN_DEPRECATED_OBJC_IMPLEMENTATIONS = YES;
				CLANG_WARN_DIRECT_OBJC_ISA_USAGE = YES_ERROR;
				CLANG_WARN_DOCUMENTATION_COMMENTS = YES;
				CLANG_WARN_EMPTY_BODY = YES;
				CLANG_WARN_ENUM_CONVERSION = YES;
				CLANG_WARN_INFINITE_RECURSION = YES;
				CLANG_WARN_INT_CONVERSION = YES;
				CLANG_WARN_NON_LITERAL_NULL_CONVERSION = YES;
				CLANG_WARN_OBJC_IMPLICIT_RETAIN_SELF = YES;
				CLANG_WARN_OBJC_LITERAL_CONVERSION = YES;
				CLANG_WARN_OBJC_ROOT_CLASS = YES_ERROR;
				CLANG_WARN_QUOTED_INCLUDE_IN_FRAMEWORK_HEADER = YES;
				CLANG_WARN_RANGE_LOOP_ANALYSIS = YES;
				CLANG_WARN_STRICT_PROTOTYPES = YES;
				CLANG_WARN_SUSPICIOUS_MOVE = YES;
				CLANG_WARN_UNGUARDED_AVAILABILITY = YES_AGGRESSIVE;
				CLANG_WARN_UNREACHABLE_CODE = YES;
				CLANG_WARN__DUPLICATE_METHOD_MATCH = YES;
				COPY_PHASE_STRIP = NO;
				DEBUG_INFORMATION_FORMAT = "dwarf-with-dsym";
				ENABLE_NS_ASSERTIONS = NO;
				ENABLE_STRICT_OBJC_MSGSEND = YES;
				GCC_C_LANGUAGE_STANDARD = gnu11;
				GCC_NO_COMMON_BLOCKS = YES;
				GCC_WARN_64_TO_32_BIT_CONVERSION = YES;
				GCC_WARN_ABOUT_RETURN_TYPE = YES_ERROR;
				GCC_WARN_UNDECLARED_SELECTOR = YES;
				GCC_WARN_UNINITIALIZED_AUTOS = YES_AGGRESSIVE;
				GCC_WARN_UNUSED_FUNCTION = YES;
				GCC_WARN_UNUSED_VARIABLE = YES;
				IPHONEOS_DEPLOYMENT_TARGET = 14.5;
				MTL_ENABLE_DEBUG_INFO = NO;
				MTL_FAST_MATH = YES;
				SDKROOT = iphoneos;
				SWIFT_COMPILATION_MODE = wholemodule;
				SWIFT_OPTIMIZATION_LEVEL = "-O";
				VALIDATE_PRODUCT = YES;
			};
			name = Release;
		};
		5C7F3494270B255500807143 /* Debug */ = {
			isa = XCBuildConfiguration;
			buildSettings = {
				ASSETCATALOG_COMPILER_APPICON_NAME = AppIcon;
				ASSETCATALOG_COMPILER_GLOBAL_ACCENT_COLOR_NAME = AccentColor;
				CODE_SIGN_STYLE = Automatic;
				DEVELOPMENT_ASSET_PATHS = "\"MyContacts/Preview Content\"";
				ENABLE_PREVIEWS = YES;
				INFOPLIST_FILE = MyContacts/Info.plist;
				LD_RUNPATH_SEARCH_PATHS = (
					"$(inherited)",
					"@executable_path/Frameworks",
				);
				PRODUCT_BUNDLE_IDENTIFIER = com.CRS.MyContacts;
				PRODUCT_NAME = "$(TARGET_NAME)";
				SWIFT_VERSION = 5.0;
				TARGETED_DEVICE_FAMILY = "1,2";
			};
			name = Debug;
		};
		5C7F3495270B255500807143 /* Release */ = {
			isa = XCBuildConfiguration;
			buildSettings = {
				ASSETCATALOG_COMPILER_APPICON_NAME = AppIcon;
				ASSETCATALOG_COMPILER_GLOBAL_ACCENT_COLOR_NAME = AccentColor;
				CODE_SIGN_STYLE = Automatic;
				DEVELOPMENT_ASSET_PATHS = "\"MyContacts/Preview Content\"";
				ENABLE_PREVIEWS = YES;
				INFOPLIST_FILE = MyContacts/Info.plist;
				LD_RUNPATH_SEARCH_PATHS = (
					"$(inherited)",
					"@executable_path/Frameworks",
				);
				PRODUCT_BUNDLE_IDENTIFIER = com.CRS.MyContacts;
				PRODUCT_NAME = "$(TARGET_NAME)";
				SWIFT_VERSION = 5.0;
				TARGETED_DEVICE_FAMILY = "1,2";
			};
			name = Release;
		};
		5C7F3497270B255500807143 /* Debug */ = {
			isa = XCBuildConfiguration;
			buildSettings = {
				ALWAYS_EMBED_SWIFT_STANDARD_LIBRARIES = YES;
				BUNDLE_LOADER = "$(TEST_HOST)";
				CODE_SIGN_STYLE = Automatic;
				INFOPLIST_FILE = MyContactsTests/Info.plist;
				IPHONEOS_DEPLOYMENT_TARGET = 14.5;
				LD_RUNPATH_SEARCH_PATHS = (
					"$(inherited)",
					"@executable_path/Frameworks",
					"@loader_path/Frameworks",
				);
				PRODUCT_BUNDLE_IDENTIFIER = com.CRS.MyContactsTests;
				PRODUCT_NAME = "$(TARGET_NAME)";
				SWIFT_VERSION = 5.0;
				TARGETED_DEVICE_FAMILY = "1,2";
				TEST_HOST = "$(BUILT_PRODUCTS_DIR)/MyContacts.app/MyContacts";
			};
			name = Debug;
		};
		5C7F3498270B255500807143 /* Release */ = {
			isa = XCBuildConfiguration;
			buildSettings = {
				ALWAYS_EMBED_SWIFT_STANDARD_LIBRARIES = YES;
				BUNDLE_LOADER = "$(TEST_HOST)";
				CODE_SIGN_STYLE = Automatic;
				INFOPLIST_FILE = MyContactsTests/Info.plist;
				IPHONEOS_DEPLOYMENT_TARGET = 14.5;
				LD_RUNPATH_SEARCH_PATHS = (
					"$(inherited)",
					"@executable_path/Frameworks",
					"@loader_path/Frameworks",
				);
				PRODUCT_BUNDLE_IDENTIFIER = com.CRS.MyContactsTests;
				PRODUCT_NAME = "$(TARGET_NAME)";
				SWIFT_VERSION = 5.0;
				TARGETED_DEVICE_FAMILY = "1,2";
				TEST_HOST = "$(BUILT_PRODUCTS_DIR)/MyContacts.app/MyContacts";
			};
			name = Release;
		};
		5C7F349A270B255500807143 /* Debug */ = {
			isa = XCBuildConfiguration;
			buildSettings = {
				ALWAYS_EMBED_SWIFT_STANDARD_LIBRARIES = YES;
				CODE_SIGN_STYLE = Automatic;
				INFOPLIST_FILE = MyContactsUITests/Info.plist;
				LD_RUNPATH_SEARCH_PATHS = (
					"$(inherited)",
					"@executable_path/Frameworks",
					"@loader_path/Frameworks",
				);
				PRODUCT_BUNDLE_IDENTIFIER = com.CRS.MyContactsUITests;
				PRODUCT_NAME = "$(TARGET_NAME)";
				SWIFT_VERSION = 5.0;
				TARGETED_DEVICE_FAMILY = "1,2";
				TEST_TARGET_NAME = MyContacts;
			};
			name = Debug;
		};
		5C7F349B270B255500807143 /* Release */ = {
			isa = XCBuildConfiguration;
			buildSettings = {
				ALWAYS_EMBED_SWIFT_STANDARD_LIBRARIES = YES;
				CODE_SIGN_STYLE = Automatic;
				INFOPLIST_FILE = MyContactsUITests/Info.plist;
				LD_RUNPATH_SEARCH_PATHS = (
					"$(inherited)",
					"@executable_path/Frameworks",
					"@loader_path/Frameworks",
				);
				PRODUCT_BUNDLE_IDENTIFIER = com.CRS.MyContactsUITests;
				PRODUCT_NAME = "$(TARGET_NAME)";
				SWIFT_VERSION = 5.0;
				TARGETED_DEVICE_FAMILY = "1,2";
				TEST_TARGET_NAME = MyContacts;
			};
			name = Release;
		};
/* End XCBuildConfiguration section */

/* Begin XCConfigurationList section */
		5C7F3461270B254F00807143 /* Build configuration list for PBXProject "MyContacts" */ = {
			isa = XCConfigurationList;
			buildConfigurations = (
				5C7F3491270B255500807143 /* Debug */,
				5C7F3492270B255500807143 /* Release */,
			);
			defaultConfigurationIsVisible = 0;
			defaultConfigurationName = Release;
		};
		5C7F3493270B255500807143 /* Build configuration list for PBXNativeTarget "MyContacts" */ = {
			isa = XCConfigurationList;
			buildConfigurations = (
				5C7F3494270B255500807143 /* Debug */,
				5C7F3495270B255500807143 /* Release */,
			);
			defaultConfigurationIsVisible = 0;
			defaultConfigurationName = Release;
		};
		5C7F3496270B255500807143 /* Build configuration list for PBXNativeTarget "MyContactsTests" */ = {
			isa = XCConfigurationList;
			buildConfigurations = (
				5C7F3497270B255500807143 /* Debug */,
				5C7F3498270B255500807143 /* Release */,
			);
			defaultConfigurationIsVisible = 0;
			defaultConfigurationName = Release;
		};
		5C7F3499270B255500807143 /* Build configuration list for PBXNativeTarget "MyContactsUITests" */ = {
			isa = XCConfigurationList;
			buildConfigurations = (
				5C7F349A270B255500807143 /* Debug */,
				5C7F349B270B255500807143 /* Release */,
			);
			defaultConfigurationIsVisible = 0;
			defaultConfigurationName = Release;
		};
/* End XCConfigurationList section */

/* Begin XCVersionGroup section */
		5C7F346F270B255000807143 /* MyContacts.xcdatamodeld */ = {
			isa = XCVersionGroup;
			children = (
				5C7F3470270B255000807143 /* MyContacts.xcdatamodel */,
			);
			currentVersion = 5C7F3470270B255000807143 /* MyContacts.xcdatamodel */;
			path = MyContacts.xcdatamodeld;
			sourceTree = "<group>";
			versionGroupType = wrapper.xcdatamodel;
		};
/* End XCVersionGroup section */
	};
	rootObject = 5C7F345E270B254F00807143 /* Project object */;
}
